
Microsoft Visual Studio Solution File, Format Version 12.00
# Visual Studio Version 16
VisualStudioVersion = 16.0.29209.62
MinimumVisualStudioVersion = 10.0.40219.1
Project("{888888A0-9F3D-457C-B088-3A5042F75D52}") = "ScopeGlobalDanLocal__PY", "ScopeGlobalDanLocal__PY.pyproj", "{56C14BED-8AF4-41DF-8922-C14CF337C70B}"
EndProject
Global
	GlobalSection(SolutionConfigurationPlatforms) = preSolution
		Debug|Any CPU = Debug|Any CPU
		Release|Any CPU = Release|Any CPU
	EndGlobalSection
	GlobalSection(ProjectConfigurationPlatforms) = postSolution
		{56C14BED-8AF4-41DF-8922-C14CF337C70B}.Debug|Any CPU.ActiveCfg = Debug|Any CPU
		{56C14BED-8AF4-41DF-8922-C14CF337C70B}.Release|Any CPU.ActiveCfg = Release|Any CPU
	EndGlobalSection
	GlobalSection(SolutionProperties) = preSolution
		HideSolutionNode = FALSE
	EndGlobalSection
	GlobalSection(ExtensibilityGlobals) = postSolution
		SolutionGuid = {D2EF8F02-1648-47A2-BA40-A2CC520191D8}
	EndGlobalSection
EndGlobal
